apiVersion: vendir.k14s.io/v1alpha1
directories:
- contents:
  - git:
      commitTitle: '[release/v1.0] release: v1.0.2 (#3595)...'
      sha: 8cf16eec9eb5eaada1d978550f32855719d2a00d
      tags:
      - v1.0.2
    path: gateway-helm
  path: vendor
- contents:
  - directory: {}
    path: .
  path: helm/envoy-gateway/templates
kind: LockConfig
